{
  "originHash" : "78782f8dab1650b04ba54ffe47d7fd2ae94f4d14bf4de4d0116441d9e859843b",
  "pins" : [
    {
      "identity" : "nwwebsocket",
      "kind" : "remoteSourceControl",
      "location" : "https://github.com/pusher/NWWebSocket",
      "state" : {
        "revision" : "1e545fcb53966272fc042aa17ae932f11239e00f",
        "version" : "0.5.4"
      }
    },
    {
      "identity" : "swifter",
      "kind" : "remoteSourceControl",
      "location" : "https://github.com/httpswift/swifter",
      "state" : {
        "revision" : "9483a5d459b45c3ffd059f7b55f9638e268632fd",
        "version" : "1.5.0"
      }
    }
  ],
  "version" : 3
}
